// !$*UTF8*$!
{
	archiveVersion = 1;
	classes = {
	};
	objectVersion = 77;
	objects = {

/* Begin PBXBuildFile section */
		0BF3B6C62FDDCA6200DBAA17 /* Translate Icelandic Extension.appex in Embed Foundation Extensions */ = {isa = PBXBuildFile; fileRef = 0BF3B6C52FDDCA6200DBAA17 /* Translate Icelandic Extension.appex */; settings = {ATTRIBUTES = (RemoveHeadersOnCopy, ); }; };
		AAAA000000000000000000EC /* Translate Icelandic Extension (macOS).appex in Embed Foundation Extensions */ = {isa = PBXBuildFile; fileRef = AAAA000000000000000000E8 /* Translate Icelandic Extension (macOS).appex */; settings = {ATTRIBUTES = (RemoveHeadersOnCopy, ); }; };
/* End PBXBuildFile section */

/* Begin PBXContainerItemProxy section */
		0BF3B6B02FDDCA6100DBAA17 /* PBXContainerItemProxy */ = {
			isa = PBXContainerItemProxy;
			containerPortal = 0BF3B68A2FDDCA6000DBAA17 /* Project object */;
			proxyType = 1;
			remoteGlobalIDString = 0BF3B6912FDDCA6000DBAA17;
			remoteInfo = "Translate Icelandic";
		};
		0BF3B6BA2FDDCA6100DBAA17 /* PBXContainerItemProxy */ = {
			isa = PBXContainerItemProxy;
			containerPortal = 0BF3B68A2FDDCA6000DBAA17 /* Project object */;
			proxyType = 1;
			remoteGlobalIDString = 0BF3B6912FDDCA6000DBAA17;
			remoteInfo = "Translate Icelandic";
		};
		0BF3B6C72FDDCA6200DBAA17 /* PBXContainerItemProxy */ = {
			isa = PBXContainerItemProxy;
			containerPortal = 0BF3B68A2FDDCA6000DBAA17 /* Project object */;
			proxyType = 1;
			remoteGlobalIDString = 0BF3B6C42FDDCA6200DBAA17;
			remoteInfo = "Translate Icelandic Extension";
		};
		AAAA000000000000000000EA /* PBXContainerItemProxy */ = {
			isa = PBXContainerItemProxy;
			containerPortal = 0BF3B68A2FDDCA6000DBAA17 /* Project object */;
			proxyType = 1;
			remoteGlobalIDString = AAAA000000000000000000E1;
			remoteInfo = "Translate Icelandic Extension (macOS)";
		};
/* End PBXContainerItemProxy section */

/* Begin PBXCopyFilesBuildPhase section */
		0BF3B6E42FDDCA6200DBAA17 /* Embed Foundation Extensions */ = {
			isa = PBXCopyFilesBuildPhase;
			buildActionMask = 2147483647;
			dstPath = "";
			dstSubfolderSpec = 13;
			files = (
				0BF3B6C62FDDCA6200DBAA17 /* Translate Icelandic Extension.appex in Embed Foundation Extensions */,
			);
			name = "Embed Foundation Extensions";
			runOnlyForDeploymentPostprocessing = 0;
		};
		AAAA000000000000000000F8 /* Embed Foundation Extensions */ = {
			isa = PBXCopyFilesBuildPhase;
			buildActionMask = 2147483647;
			dstPath = "";
			dstSubfolderSpec = 13;
			files = (
				AAAA000000000000000000EC /* Translate Icelandic Extension (macOS).appex in Embed Foundation Extensions */,
			);
			name = "Embed Foundation Extensions";
			runOnlyForDeploymentPostprocessing = 0;
		};
/* End PBXCopyFilesBuildPhase section */

/* Begin PBXFileReference section */
		0BF3B6922FDDCA6000DBAA17 /* Translate Icelandic.app */ = {isa = PBXFileReference; explicitFileType = wrapper.application; includeInIndex = 0; path = "Translate Icelandic.app"; sourceTree = BUILT_PRODUCTS_DIR; };
		0BF3B6AF2FDDCA6100DBAA17 /* Translate IcelandicTests.xctest */ = {isa = PBXFileReference; explicitFileType = wrapper.cfbundle; includeInIndex = 0; path = "Translate IcelandicTests.xctest"; sourceTree = BUILT_PRODUCTS_DIR; };
		0BF3B6B92FDDCA6100DBAA17 /* Translate IcelandicUITests.xctest */ = {isa = PBXFileReference; explicitFileType = wrapper.cfbundle; includeInIndex = 0; path = "Translate IcelandicUITests.xctest"; sourceTree = BUILT_PRODUCTS_DIR; };
		0BF3B6C52FDDCA6200DBAA17 /* Translate Icelandic Extension.appex */ = {isa = PBXFileReference; explicitFileType = "wrapper.app-extension"; includeInIndex = 0; path = "Translate Icelandic Extension.appex"; sourceTree = BUILT_PRODUCTS_DIR; };
		0BF3B6FA2FDDCA6200DBAA17 /* Config/Secrets.xcconfig */ = {isa = PBXFileReference; lastKnownFileType = text.xcconfig; path = Config/Secrets.xcconfig; sourceTree = "<group>"; };
		AAAA000000000000000000E8 /* Translate Icelandic Extension (macOS).appex */ = {isa = PBXFileReference; explicitFileType = "wrapper.app-extension"; includeInIndex = 0; path = "Translate Icelandic Extension (macOS).appex"; sourceTree = BUILT_PRODUCTS_DIR; };
		AAAA000000000000000000F9 /* Translate Icelandic (macOS).app */ = {isa = PBXFileReference; explicitFileType = wrapper.application; includeInIndex = 0; path = "Translate Icelandic (macOS).app"; sourceTree = BUILT_PRODUCTS_DIR; };
/* End PBXFileReference section */

/* Begin PBXFileSystemSynchronizedBuildFileExceptionSet section */
		0BF3B6DF2FDDCA6200DBAA17 /* Exceptions for "Translate Icelandic" folder in "Translate Icelandic" target */ = {
			isa = PBXFileSystemSynchronizedBuildFileExceptionSet;
			membershipExceptions = (
				Info.plist,
			);
			target = 0BF3B6912FDDCA6000DBAA17 /* Translate Icelandic */;
		};
		0BF3B6E32FDDCA6200DBAA17 /* Exceptions for "Translate Icelandic Extension" folder in "Translate Icelandic Extension" target */ = {
			isa = PBXFileSystemSynchronizedBuildFileExceptionSet;
			membershipExceptions = (
				Info.plist,
			);
			target = 0BF3B6C42FDDCA6200DBAA17 /* Translate Icelandic Extension */;
		};
		AAAA000000000000000000E9 /* Exceptions for "Translate Icelandic Extension" folder in "Translate Icelandic Extension (macOS)" target */ = {
			isa = PBXFileSystemSynchronizedBuildFileExceptionSet;
			membershipExceptions = (
				Info.plist,
			);
			target = AAAA000000000000000000E1 /* Translate Icelandic Extension (macOS) */;
		};
/* End PBXFileSystemSynchronizedBuildFileExceptionSet section */

/* Begin PBXFileSystemSynchronizedRootGroup section */
		0BF3B6942FDDCA6000DBAA17 /* Translate Icelandic */ = {
			isa = PBXFileSystemSynchronizedRootGroup;
			exceptions = (
				0BF3B6DF2FDDCA6200DBAA17 /* Exceptions for "Translate Icelandic" folder in "Translate Icelandic" target */,
			);
			path = "Translate Icelandic";
			sourceTree = "<group>";
		};
		0BF3B6B22FDDCA6100DBAA17 /* Translate IcelandicTests */ = {
			isa = PBXFileSystemSynchronizedRootGroup;
			path = "Translate IcelandicTests";
			sourceTree = "<group>";
		};
		0BF3B6BC2FDDCA6100DBAA17 /* Translate IcelandicUITests */ = {
			isa = PBXFileSystemSynchronizedRootGroup;
			path = "Translate IcelandicUITests";
			sourceTree = "<group>";
		};
		0BF3B6C92FDDCA6200DBAA17 /* Translate Icelandic Extension */ = {
			isa = PBXFileSystemSynchronizedRootGroup;
			exceptions = (
				0BF3B6E32FDDCA6200DBAA17 /* Exceptions for "Translate Icelandic Extension" folder in "Translate Icelandic Extension" target */,
				AAAA000000000000000000E9 /* Exceptions for "Translate Icelandic Extension" folder in "Translate Icelandic Extension (macOS)" target */,
			);
			explicitFolders = (
				Resources/_locales,
				Resources/images,
			);
			path = "Translate Icelandic Extension";
			sourceTree = "<group>";
		};
		AAAA000000000000000000FA /* Translate Icelandic macOS */ = {
			isa = PBXFileSystemSynchronizedRootGroup;
			path = "Translate Icelandic macOS";
			sourceTree = "<group>";
		};
/* End PBXFileSystemSynchronizedRootGroup section */

/* Begin PBXFrameworksBuildPhase section */
		0BF3B68F2FDDCA6000DBAA17 /* Frameworks */ = {
			isa = PBXFrameworksBuildPhase;
			buildActionMask = 2147483647;
			files = (
			);
			runOnlyForDeploymentPostprocessing = 0;
		};
		0BF3B6AC2FDDCA6100DBAA17 /* Frameworks */ = {
			isa = PBXFrameworksBuildPhase;
			buildActionMask = 2147483647;
			files = (
			);
			runOnlyForDeploymentPostprocessing = 0;
		};
		0BF3B6B62FDDCA6100DBAA17 /* Frameworks */ = {
			isa = PBXFrameworksBuildPhase;
			buildActionMask = 2147483647;
			files = (
			);
			runOnlyForDeploymentPostprocessing = 0;
		};
		0BF3B6C22FDDCA6200DBAA17 /* Frameworks */ = {
			isa = PBXFrameworksBuildPhase;
			buildActionMask = 2147483647;
			files = (
			);
			runOnlyForDeploymentPostprocessing = 0;
		};
		AAAA000000000000000000E6 /* Frameworks */ = {
			isa = PBXFrameworksBuildPhase;
			buildActionMask = 2147483647;
			files = (
			);
			runOnlyForDeploymentPostprocessing = 0;
		};
		AAAA000000000000000000F6 /* Frameworks */ = {
			isa = PBXFrameworksBuildPhase;
			buildActionMask = 2147483647;
			files = (
			);
			runOnlyForDeploymentPostprocessing = 0;
		};
/* End PBXFrameworksBuildPhase section */

/* Begin PBXGroup section */
		0BF3B6892FDDCA6000DBAA17 = {
			isa = PBXGroup;
			children = (
				0BF3B6942FDDCA6000DBAA17 /* Translate Icelandic */,
				0BF3B6B22FDDCA6100DBAA17 /* Translate IcelandicTests */,
				0BF3B6BC2FDDCA6100DBAA17 /* Translate IcelandicUITests */,
				0BF3B6C92FDDCA6200DBAA17 /* Translate Icelandic Extension */,
				AAAA000000000000000000FA /* Translate Icelandic macOS */,
				0BF3B6FA2FDDCA6200DBAA17 /* Config/Secrets.xcconfig */,
				0BF3B6932FDDCA6000DBAA17 /* Products */,
			);
			sourceTree = "<group>";
		};
		0BF3B6932FDDCA6000DBAA17 /* Products */ = {
			isa = PBXGroup;
			children = (
				0BF3B6922FDDCA6000DBAA17 /* Translate Icelandic.app */,
				0BF3B6AF2FDDCA6100DBAA17 /* Translate IcelandicTests.xctest */,
				0BF3B6B92FDDCA6100DBAA17 /* Translate IcelandicUITests.xctest */,
				0BF3B6C52FDDCA6200DBAA17 /* Translate Icelandic Extension.appex */,
				AAAA000000000000000000F9 /* Translate Icelandic (macOS).app */,
				AAAA000000000000000000E8 /* Translate Icelandic Extension (macOS).appex */,
			);
			name = Products;
			sourceTree = "<group>";
		};
/* End PBXGroup section */

/* Begin PBXNativeTarget section */
		0BF3B6912FDDCA6000DBAA17 /* Translate Icelandic */ = {
			isa = PBXNativeTarget;
			buildConfigurationList = 0BF3B6E52FDDCA6200DBAA17 /* Build configuration list for PBXNativeTarget "Translate Icelandic" */;
			buildPhases = (
				0BF3B68E2FDDCA6000DBAA17 /* Sources */,
				0BF3B68F2FDDCA6000DBAA17 /* Frameworks */,
				0BF3B6902FDDCA6000DBAA17 /* Resources */,
				0BF3B6E42FDDCA6200DBAA17 /* Embed Foundation Extensions */,
			);
			buildRules = (
			);
			dependencies = (
				0BF3B6C82FDDCA6200DBAA17 /* PBXTargetDependency */,
			);
			fileSystemSynchronizedGroups = (
				0BF3B6942FDDCA6000DBAA17 /* Translate Icelandic */,
			);
			name = "Translate Icelandic";
			packageProductDependencies = (
			);
			productName = "Translate Icelandic";
			productReference = 0BF3B6922FDDCA6000DBAA17 /* Translate Icelandic.app */;
			productType = "com.apple.product-type.application";
		};
		0BF3B6AE2FDDCA6100DBAA17 /* Translate IcelandicTests */ = {
			isa = PBXNativeTarget;
			buildConfigurationList = 0BF3B6EA2FDDCA6200DBAA17 /* Build configuration list for PBXNativeTarget "Translate IcelandicTests" */;
			buildPhases = (
				0BF3B6AB2FDDCA6100DBAA17 /* Sources */,
				0BF3B6AC2FDDCA6100DBAA17 /* Frameworks */,
				0BF3B6AD2FDDCA6100DBAA17 /* Resources */,
			);
			buildRules = (
			);
			dependencies = (
				0BF3B6B12FDDCA6100DBAA17 /* PBXTargetDependency */,
			);
			fileSystemSynchronizedGroups = (
				0BF3B6B22FDDCA6100DBAA17 /* Translate IcelandicTests */,
			);
			name = "Translate IcelandicTests";
			packageProductDependencies = (
			);
			productName = "Translate IcelandicTests";
			productReference = 0BF3B6AF2FDDCA6100DBAA17 /* Translate IcelandicTests.xctest */;
			productType = "com.apple.product-type.bundle.unit-test";
		};
		0BF3B6B82FDDCA6100DBAA17 /* Translate IcelandicUITests */ = {
			isa = PBXNativeTarget;
			buildConfigurationList = 0BF3B6ED2FDDCA6200DBAA17 /* Build configuration list for PBXNativeTarget "Translate IcelandicUITests" */;
			buildPhases = (
				0BF3B6B52FDDCA6100DBAA17 /* Sources */,
				0BF3B6B62FDDCA6100DBAA17 /* Frameworks */,
				0BF3B6B72FDDCA6100DBAA17 /* Resources */,
			);
			buildRules = (
			);
			dependencies = (
				0BF3B6BB2FDDCA6100DBAA17 /* PBXTargetDependency */,
			);
			fileSystemSynchronizedGroups = (
				0BF3B6BC2FDDCA6100DBAA17 /* Translate IcelandicUITests */,
			);
			name = "Translate IcelandicUITests";
			packageProductDependencies = (
			);
			productName = "Translate IcelandicUITests";
			productReference = 0BF3B6B92FDDCA6100DBAA17 /* Translate IcelandicUITests.xctest */;
			productType = "com.apple.product-type.bundle.ui-testing";
		};
		0BF3B6C42FDDCA6200DBAA17 /* Translate Icelandic Extension */ = {
			isa = PBXNativeTarget;
			buildConfigurationList = 0BF3B6E02FDDCA6200DBAA17 /* Build configuration list for PBXNativeTarget "Translate Icelandic Extension" */;
			buildPhases = (
				0BF3B6C12FDDCA6200DBAA17 /* Sources */,
				0BF3B6C22FDDCA6200DBAA17 /* Frameworks */,
				0BF3B6C32FDDCA6200DBAA17 /* Resources */,
			);
			buildRules = (
			);
			dependencies = (
			);
			fileSystemSynchronizedGroups = (
				0BF3B6C92FDDCA6200DBAA17 /* Translate Icelandic Extension */,
			);
			name = "Translate Icelandic Extension";
			packageProductDependencies = (
			);
			productName = "Translate Icelandic Extension";
			productReference = 0BF3B6C52FDDCA6200DBAA17 /* Translate Icelandic Extension.appex */;
			productType = "com.apple.product-type.app-extension";
		};
		AAAA000000000000000000E1 /* Translate Icelandic Extension (macOS) */ = {
			isa = PBXNativeTarget;
			buildConfigurationList = AAAA000000000000000000E2 /* Build configuration list for PBXNativeTarget "Translate Icelandic Extension (macOS)" */;
			buildPhases = (
				AAAA000000000000000000E5 /* Sources */,
				AAAA000000000000000000E6 /* Frameworks */,
				AAAA000000000000000000E7 /* Resources */,
			);
			buildRules = (
			);
			dependencies = (
			);
			fileSystemSynchronizedGroups = (
				0BF3B6C92FDDCA6200DBAA17 /* Translate Icelandic Extension */,
			);
			name = "Translate Icelandic Extension (macOS)";
			packageProductDependencies = (
			);
			productName = "Translate Icelandic Extension (macOS)";
			productReference = AAAA000000000000000000E8 /* Translate Icelandic Extension (macOS).appex */;
			productType = "com.apple.product-type.app-extension";
		};
		AAAA000000000000000000F1 /* Translate Icelandic (macOS) */ = {
			isa = PBXNativeTarget;
			buildConfigurationList = AAAA000000000000000000F2 /* Build configuration list for PBXNativeTarget "Translate Icelandic (macOS)" */;
			buildPhases = (
				AAAA000000000000000000F5 /* Sources */,
				AAAA000000000000000000F6 /* Frameworks */,
				AAAA000000000000000000F7 /* Resources */,
				AAAA000000000000000000F8 /* Embed Foundation Extensions */,
			);
			buildRules = (
			);
			dependencies = (
				AAAA000000000000000000EB /* PBXTargetDependency */,
			);
			fileSystemSynchronizedGroups = (
				AAAA000000000000000000FA /* Translate Icelandic macOS */,
			);
			name = "Translate Icelandic (macOS)";
			packageProductDependencies = (
			);
			productName = "Translate Icelandic (macOS)";
			productReference = AAAA000000000000000000F9 /* Translate Icelandic (macOS).app */;
			productType = "com.apple.product-type.application";
		};
/* End PBXNativeTarget section */

/* Begin PBXProject section */
		0BF3B68A2FDDCA6000DBAA17 /* Project object */ = {
			isa = PBXProject;
			attributes = {
				BuildIndependentTargetsInParallel = 1;
				LastSwiftUpdateCheck = 2620;
				LastUpgradeCheck = 2620;
				TargetAttributes = {
					0BF3B6912FDDCA6000DBAA17 = {
						CreatedOnToolsVersion = 26.2;
					};
					0BF3B6AE2FDDCA6100DBAA17 = {
						CreatedOnToolsVersion = 26.2;
						TestTargetID = 0BF3B6912FDDCA6000DBAA17;
					};
					0BF3B6B82FDDCA6100DBAA17 = {
						CreatedOnToolsVersion = 26.2;
						TestTargetID = 0BF3B6912FDDCA6000DBAA17;
					};
					0BF3B6C42FDDCA6200DBAA17 = {
						CreatedOnToolsVersion = 26.2;
					};
					AAAA000000000000000000E1 = {
						CreatedOnToolsVersion = 26.2;
					};
					AAAA000000000000000000F1 = {
						CreatedOnToolsVersion = 26.2;
					};
				};
			};
			buildConfigurationList = 0BF3B68D2FDDCA6000DBAA17 /* Build configuration list for PBXProject "Translate Icelandic" */;
			developmentRegion = en;
			hasScannedForEncodings = 0;
			knownRegions = (
				en,
				Base,
			);
			mainGroup = 0BF3B6892FDDCA6000DBAA17;
			minimizedProjectReferenceProxies = 1;
			preferredProjectObjectVersion = 77;
			productRefGroup = 0BF3B6932FDDCA6000DBAA17 /* Products */;
			projectDirPath = "";
			projectRoot = "";
			targets = (
				0BF3B6912FDDCA6000DBAA17 /* Translate Icelandic */,
				0BF3B6AE2FDDCA6100DBAA17 /* Translate IcelandicTests */,
				0BF3B6B82FDDCA6100DBAA17 /* Translate IcelandicUITests */,
				0BF3B6C42FDDCA6200DBAA17 /* Translate Icelandic Extension */,
				AAAA000000000000000000F1 /* Translate Icelandic (macOS) */,
				AAAA000000000000000000E1 /* Translate Icelandic Extension (macOS) */,
			);
		};
/* End PBXProject section */

/* Begin PBXResourcesBuildPhase section */
		0BF3B6902FDDCA6000DBAA17 /* Resources */ = {
			isa = PBXResourcesBuildPhase;
			buildActionMask = 2147483647;
			files = (
			);
			runOnlyForDeploymentPostprocessing = 0;
		};
		0BF3B6AD2FDDCA6100DBAA17 /* Resources */ = {
			isa = PBXResourcesBuildPhase;
			buildActionMask = 2147483647;
			files = (
			);
			runOnlyForDeploymentPostprocessing = 0;
		};
		0BF3B6B72FDDCA6100DBAA17 /* Resources */ = {
			isa = PBXResourcesBuildPhase;
			buildActionMask = 2147483647;
			files = (
			);
			runOnlyForDeploymentPostprocessing = 0;
		};
		0BF3B6C32FDDCA6200DBAA17 /* Resources */ = {
			isa = PBXResourcesBuildPhase;
			buildActionMask = 2147483647;
			files = (
			);
			runOnlyForDeploymentPostprocessing = 0;
		};
		AAAA000000000000000000E7 /* Resources */ = {
			isa = PBXResourcesBuildPhase;
			buildActionMask = 2147483647;
			files = (
			);
			runOnlyForDeploymentPostprocessing = 0;
		};
		AAAA000000000000000000F7 /* Resources */ = {
			isa = PBXResourcesBuildPhase;
			buildActionMask = 2147483647;
			files = (
			);
			runOnlyForDeploymentPostprocessing = 0;
		};
/* End PBXResourcesBuildPhase section */

/* Begin PBXSourcesBuildPhase section */
		0BF3B68E2FDDCA6000DBAA17 /* Sources */ = {
			isa = PBXSourcesBuildPhase;
			buildActionMask = 2147483647;
			files = (
			);
			runOnlyForDeploymentPostprocessing = 0;
		};
		0BF3B6AB2FDDCA6100DBAA17 /* Sources */ = {
			isa = PBXSourcesBuildPhase;
			buildActionMask = 2147483647;
			files = (
			);
			runOnlyForDeploymentPostprocessing = 0;
		};
		0BF3B6B52FDDCA6100DBAA17 /* Sources */ = {
			isa = PBXSourcesBuildPhase;
			buildActionMask = 2147483647;
			files = (
			);
			runOnlyForDeploymentPostprocessing = 0;
		};
		0BF3B6C12FDDCA6200DBAA17 /* Sources */ = {
			isa = PBXSourcesBuildPhase;
			buildActionMask = 2147483647;
			files = (
			);
			runOnlyForDeploymentPostprocessing = 0;
		};
		AAAA000000000000000000E5 /* Sources */ = {
			isa = PBXSourcesBuildPhase;
			buildActionMask = 2147483647;
			files = (
			);
			runOnlyForDeploymentPostprocessing = 0;
		};
		AAAA000000000000000000F5 /* Sources */ = {
			isa = PBXSourcesBuildPhase;
			buildActionMask = 2147483647;
			files = (
			);
			runOnlyForDeploymentPostprocessing = 0;
		};
/* End PBXSourcesBuildPhase section */

/* Begin PBXTargetDependency section */
		0BF3B6B12FDDCA6100DBAA17 /* PBXTargetDependency */ = {
			isa = PBXTargetDependency;
			target = 0BF3B6912FDDCA6000DBAA17 /* Translate Icelandic */;
			targetProxy = 0BF3B6B02FDDCA6100DBAA17 /* PBXContainerItemProxy */;
		};
		0BF3B6BB2FDDCA6100DBAA17 /* PBXTargetDependency */ = {
			isa = PBXTargetDependency;
			target = 0BF3B6912FDDCA6000DBAA17 /* Translate Icelandic */;
			targetProxy = 0BF3B6BA2FDDCA6100DBAA17 /* PBXContainerItemProxy */;
		};
		0BF3B6C82FDDCA6200DBAA17 /* PBXTargetDependency */ = {
			isa = PBXTargetDependency;
			target = 0BF3B6C42FDDCA6200DBAA17 /* Translate Icelandic Extension */;
			targetProxy = 0BF3B6C72FDDCA6200DBAA17 /* PBXContainerItemProxy */;
		};
		AAAA000000000000000000EB /* PBXTargetDependency */ = {
			isa = PBXTargetDependency;
			target = AAAA000000000000000000E1 /* Translate Icelandic Extension (macOS) */;
			targetProxy = AAAA000000000000000000EA /* PBXContainerItemProxy */;
		};
/* End PBXTargetDependency section */

/* Begin XCBuildConfiguration section */
		0BF3B6E12FDDCA6200DBAA17 /* Debug */ = {
			isa = XCBuildConfiguration;
			baseConfigurationReference = 0BF3B6FA2FDDCA6200DBAA17 /* Config/Secrets.xcconfig */;
			buildSettings = {
				CODE_SIGN_ENTITLEMENTS = "Translate Icelandic Extension/TranslateIcelandicExtension.entitlements";
				CODE_SIGN_STYLE = Automatic;
				CURRENT_PROJECT_VERSION = 1;
				DEVELOPMENT_TEAM = P738AB4T7V;
				GENERATE_INFOPLIST_FILE = YES;
				INFOPLIST_FILE = "Translate Icelandic Extension/Info.plist";
				INFOPLIST_KEY_CFBundleDisplayName = "Translate Icelandic Extension";
				INFOPLIST_KEY_NSHumanReadableCopyright = "";
				IPHONEOS_DEPLOYMENT_TARGET = 18.0;
				LD_RUNPATH_SEARCH_PATHS = (
					"$(inherited)",
					"@executable_path/Frameworks",
					"@executable_path/../../Frameworks",
				);
				MARKETING_VERSION = 1.0;
				OTHER_LDFLAGS = (
					"-framework",
					SafariServices,
				);
				PRODUCT_BUNDLE_IDENTIFIER = "arturkin.Translate-Icelandic.Extension";
				PRODUCT_NAME = "$(TARGET_NAME)";
				SKIP_INSTALL = YES;
				STRING_CATALOG_GENERATE_SYMBOLS = YES;
				SWIFT_APPROACHABLE_CONCURRENCY = YES;
				SWIFT_EMIT_LOC_STRINGS = YES;
				SWIFT_UPCOMING_FEATURE_MEMBER_IMPORT_VISIBILITY = YES;
				SWIFT_VERSION = 5.0;
				TARGETED_DEVICE_FAMILY = "1,2";
			};
			name = Debug;
		};
		0BF3B6E22FDDCA6200DBAA17 /* Release */ = {
			isa = XCBuildConfiguration;
			baseConfigurationReference = 0BF3B6FA2FDDCA6200DBAA17 /* Config/Secrets.xcconfig */;
			buildSettings = {
				CODE_SIGN_ENTITLEMENTS = "Translate Icelandic Extension/TranslateIcelandicExtension.entitlements";
				CODE_SIGN_STYLE = Automatic;
				CURRENT_PROJECT_VERSION = 1;
				DEVELOPMENT_TEAM = P738AB4T7V;
				GENERATE_INFOPLIST_FILE = YES;
				INFOPLIST_FILE = "Translate Icelandic Extension/Info.plist";
				INFOPLIST_KEY_CFBundleDisplayName = "Translate Icelandic Extension";
				INFOPLIST_KEY_NSHumanReadableCopyright = "";
				IPHONEOS_DEPLOYMENT_TARGET = 18.0;
				LD_RUNPATH_SEARCH_PATHS = (
					"$(inherited)",
					"@executable_path/Frameworks",
					"@executable_path/../../Frameworks",
				);
				MARKETING_VERSION = 1.0;
				OTHER_LDFLAGS = (
					"-framework",
					SafariServices,
				);
				PRODUCT_BUNDLE_IDENTIFIER = "arturkin.Translate-Icelandic.Extension";
				PRODUCT_NAME = "$(TARGET_NAME)";
				SKIP_INSTALL = YES;
				STRING_CATALOG_GENERATE_SYMBOLS = YES;
				SWIFT_APPROACHABLE_CONCURRENCY = YES;
				SWIFT_EMIT_LOC_STRINGS = YES;
				SWIFT_UPCOMING_FEATURE_MEMBER_IMPORT_VISIBILITY = YES;
				SWIFT_VERSION = 5.0;
				TARGETED_DEVICE_FAMILY = "1,2";
			};
			name = Release;
		};
		0BF3B6E62FDDCA6200DBAA17 /* Debug */ = {
			isa = XCBuildConfiguration;
			buildSettings = {
				ASSETCATALOG_COMPILER_APPICON_NAME = AppIcon;
				ASSETCATALOG_COMPILER_GLOBAL_ACCENT_COLOR_NAME = AccentColor;
				CODE_SIGN_ENTITLEMENTS = "Translate Icelandic/TranslateIcelandic.entitlements";
				CODE_SIGN_STYLE = Automatic;
				CURRENT_PROJECT_VERSION = 1;
				DEVELOPMENT_TEAM = P738AB4T7V;
				GENERATE_INFOPLIST_FILE = YES;
				INFOPLIST_FILE = "Translate Icelandic/Info.plist";
				INFOPLIST_KEY_CFBundleDisplayName = "Translate Icelandic";
				INFOPLIST_KEY_UIApplicationSupportsIndirectInputEvents = YES;
				INFOPLIST_KEY_UILaunchStoryboardName = LaunchScreen;
				INFOPLIST_KEY_UISupportedInterfaceOrientations_iPad = "UIInterfaceOrientationPortrait UIInterfaceOrientationPortraitUpsideDown UIInterfaceOrientationLandscapeLeft UIInterfaceOrientationLandscapeRight";
				INFOPLIST_KEY_UISupportedInterfaceOrientations_iPhone = "UIInterfaceOrientationPortrait UIInterfaceOrientationLandscapeLeft UIInterfaceOrientationLandscapeRight";
				IPHONEOS_DEPLOYMENT_TARGET = 18.0;
				LD_RUNPATH_SEARCH_PATHS = (
					"$(inherited)",
					"@executable_path/Frameworks",
				);
				MARKETING_VERSION = 1.0;
				OTHER_LDFLAGS = (
					"-framework",
					SafariServices,
					"-framework",
					WebKit,
				);
				PRODUCT_BUNDLE_IDENTIFIER = "arturkin.Translate-Icelandic";
				PRODUCT_NAME = "$(TARGET_NAME)";
				STRING_CATALOG_GENERATE_SYMBOLS = YES;
				SWIFT_APPROACHABLE_CONCURRENCY = YES;
				SWIFT_DEFAULT_ACTOR_ISOLATION = MainActor;
				SWIFT_EMIT_LOC_STRINGS = YES;
				SWIFT_UPCOMING_FEATURE_MEMBER_IMPORT_VISIBILITY = YES;
				SWIFT_VERSION = 5.0;
				TARGETED_DEVICE_FAMILY = "1,2";
			};
			name = Debug;
		};
		0BF3B6E72FDDCA6200DBAA17 /* Release */ = {
			isa = XCBuildConfiguration;
			buildSettings = {
				ASSETCATALOG_COMPILER_APPICON_NAME = AppIcon;
				ASSETCATALOG_COMPILER_GLOBAL_ACCENT_COLOR_NAME = AccentColor;
				CODE_SIGN_ENTITLEMENTS = "Translate Icelandic/TranslateIcelandic.entitlements";
				CODE_SIGN_STYLE = Automatic;
				CURRENT_PROJECT_VERSION = 1;
				DEVELOPMENT_TEAM = P738AB4T7V;
				GENERATE_INFOPLIST_FILE = YES;
				INFOPLIST_FILE = "Translate Icelandic/Info.plist";
				INFOPLIST_KEY_CFBundleDisplayName = "Translate Icelandic";
				INFOPLIST_KEY_UIApplicationSupportsIndirectInputEvents = YES;
				INFOPLIST_KEY_UILaunchStoryboardName = LaunchScreen;
				INFOPLIST_KEY_UISupportedInterfaceOrientations_iPad = "UIInterfaceOrientationPortrait UIInterfaceOrientationPortraitUpsideDown UIInterfaceOrientationLandscapeLeft UIInterfaceOrientationLandscapeRight";
				INFOPLIST_KEY_UISupportedInterfaceOrientations_iPhone = "UIInterfaceOrientationPortrait UIInterfaceOrientationLandscapeLeft UIInterfaceOrientationLandscapeRight";
				IPHONEOS_DEPLOYMENT_TARGET = 18.0;
				LD_RUNPATH_SEARCH_PATHS = (
					"$(inherited)",
					"@executable_path/Frameworks",
				);
				MARKETING_VERSION = 1.0;
				OTHER_LDFLAGS = (
					"-framework",
					SafariServices,
					"-framework",
					WebKit,
				);
				PRODUCT_BUNDLE_IDENTIFIER = "arturkin.Translate-Icelandic";
				PRODUCT_NAME = "$(TARGET_NAME)";
				STRING_CATALOG_GENERATE_SYMBOLS = YES;
				SWIFT_APPROACHABLE_CONCURRENCY = YES;
				SWIFT_DEFAULT_ACTOR_ISOLATION = MainActor;
				SWIFT_EMIT_LOC_STRINGS = YES;
				SWIFT_UPCOMING_FEATURE_MEMBER_IMPORT_VISIBILITY = YES;
				SWIFT_VERSION = 5.0;
				TARGETED_DEVICE_FAMILY = "1,2";
			};
			name = Release;
		};
		0BF3B6E82FDDCA6200DBAA17 /* Debug */ = {
			isa = XCBuildConfiguration;
			buildSettings = {
				ALWAYS_SEARCH_USER_PATHS = NO;
				ASSETCATALOG_COMPILER_GENERATE_SWIFT_ASSET_SYMBOL_EXTENSIONS = YES;
				CLANG_ANALYZER_NONNULL = YES;
				CLANG_ANALYZER_NUMBER_OBJECT_CONVERSION = YES_AGGRESSIVE;
				CLANG_CXX_LANGUAGE_STANDARD = "gnu++20";
				CLANG_ENABLE_MODULES = YES;
				CLANG_ENABLE_OBJC_ARC = YES;
				CLANG_ENABLE_OBJC_WEAK = YES;
				CLANG_WARN_BLOCK_CAPTURE_AUTORELEASING = YES;
				CLANG_WARN_BOOL_CONVERSION = YES;
				CLANG_WARN_COMMA = YES;
				CLANG_WARN_CONSTANT_CONVERSION = YES;
				CLANG_WARN_DEPRECATED_OBJC_IMPLEMENTATIONS = YES;
				CLANG_WARN_DIRECT_OBJC_ISA_USAGE = YES_ERROR;
				CLANG_WARN_DOCUMENTATION_COMMENTS = YES;
				CLANG_WARN_EMPTY_BODY = YES;
				CLANG_WARN_ENUM_CONVERSION = YES;
				CLANG_WARN_INFINITE_RECURSION = YES;
				CLANG_WARN_INT_CONVERSION = YES;
				CLANG_WARN_NON_LITERAL_NULL_CONVERSION = YES;
				CLANG_WARN_OBJC_IMPLICIT_RETAIN_SELF = YES;
				CLANG_WARN_OBJC_LITERAL_CONVERSION = YES;
				CLANG_WARN_OBJC_ROOT_CLASS = YES_ERROR;
				CLANG_WARN_QUOTED_INCLUDE_IN_FRAMEWORK_HEADER = YES;
				CLANG_WARN_RANGE_LOOP_ANALYSIS = YES;
				CLANG_WARN_STRICT_PROTOTYPES = YES;
				CLANG_WARN_SUSPICIOUS_MOVE = YES;
				CLANG_WARN_UNGUARDED_AVAILABILITY = YES_AGGRESSIVE;
				CLANG_WARN_UNREACHABLE_CODE = YES;
				CLANG_WARN__DUPLICATE_METHOD_MATCH = YES;
				COPY_PHASE_STRIP = NO;
				DEBUG_INFORMATION_FORMAT = dwarf;
				DEVELOPMENT_TEAM = P738AB4T7V;
				ENABLE_STRICT_OBJC_MSGSEND = YES;
				ENABLE_TESTABILITY = YES;
				ENABLE_USER_SCRIPT_SANDBOXING = YES;
				GCC_C_LANGUAGE_STANDARD = gnu17;
				GCC_DYNAMIC_NO_PIC = NO;
				GCC_NO_COMMON_BLOCKS = YES;
				GCC_OPTIMIZATION_LEVEL = 0;
				GCC_PREPROCESSOR_DEFINITIONS = (
					"DEBUG=1",
					"$(inherited)",
				);
				GCC_WARN_64_TO_32_BIT_CONVERSION = YES;
				GCC_WARN_ABOUT_RETURN_TYPE = YES_ERROR;
				GCC_WARN_UNDECLARED_SELECTOR = YES;
				GCC_WARN_UNINITIALIZED_AUTOS = YES_AGGRESSIVE;
				GCC_WARN_UNUSED_FUNCTION = YES;
				GCC_WARN_UNUSED_VARIABLE = YES;
				IPHONEOS_DEPLOYMENT_TARGET = 18.0;
				LOCALIZATION_PREFERS_STRING_CATALOGS = YES;
				MTL_ENABLE_DEBUG_INFO = INCLUDE_SOURCE;
				MTL_FAST_MATH = YES;
				ONLY_ACTIVE_ARCH = YES;
				SDKROOT = iphoneos;
				SWIFT_ACTIVE_COMPILATION_CONDITIONS = "DEBUG $(inherited)";
				SWIFT_OPTIMIZATION_LEVEL = "-Onone";
			};
			name = Debug;
		};
		0BF3B6E92FDDCA6200DBAA17 /* Release */ = {
			isa = XCBuildConfiguration;
			buildSettings = {
				ALWAYS_SEARCH_USER_PATHS = NO;
				ASSETCATALOG_COMPILER_GENERATE_SWIFT_ASSET_SYMBOL_EXTENSIONS = YES;
				CLANG_ANALYZER_NONNULL = YES;
				CLANG_ANALYZER_NUMBER_OBJECT_CONVERSION = YES_AGGRESSIVE;
				CLANG_CXX_LANGUAGE_STANDARD = "gnu++20";
				CLANG_ENABLE_MODULES = YES;
				CLANG_ENABLE_OBJC_ARC = YES;
				CLANG_ENABLE_OBJC_WEAK = YES;
				CLANG_WARN_BLOCK_CAPTURE_AUTORELEASING = YES;
				CLANG_WARN_BOOL_CONVERSION = YES;
				CLANG_WARN_COMMA = YES;
				CLANG_WARN_CONSTANT_CONVERSION = YES;
				CLANG_WARN_DEPRECATED_OBJC_IMPLEMENTATIONS = YES;
				CLANG_WARN_DIRECT_OBJC_ISA_USAGE = YES_ERROR;
				CLANG_WARN_DOCUMENTATION_COMMENTS = YES;
				CLANG_WARN_EMPTY_BODY = YES;
				CLANG_WARN_ENUM_CONVERSION = YES;
				CLANG_WARN_INFINITE_RECURSION = YES;
				CLANG_WARN_INT_CONVERSION = YES;
				CLANG_WARN_NON_LITERAL_NULL_CONVERSION = YES;
				CLANG_WARN_OBJC_IMPLICIT_RETAIN_SELF = YES;
				CLANG_WARN_OBJC_LITERAL_CONVERSION = YES;
				CLANG_WARN_OBJC_ROOT_CLASS = YES_ERROR;
				CLANG_WARN_QUOTED_INCLUDE_IN_FRAMEWORK_HEADER = YES;
				CLANG_WARN_RANGE_LOOP_ANALYSIS = YES;
				CLANG_WARN_STRICT_PROTOTYPES = YES;
				CLANG_WARN_SUSPICIOUS_MOVE = YES;
				CLANG_WARN_UNGUARDED_AVAILABILITY = YES_AGGRESSIVE;
				CLANG_WARN_UNREACHABLE_CODE = YES;
				CLANG_WARN__DUPLICATE_METHOD_MATCH = YES;
				COPY_PHASE_STRIP = NO;
				DEBUG_INFORMATION_FORMAT = "dwarf-with-dsym";
				DEVELOPMENT_TEAM = P738AB4T7V;
				ENABLE_NS_ASSERTIONS = NO;
				ENABLE_STRICT_OBJC_MSGSEND = YES;
				ENABLE_USER_SCRIPT_SANDBOXING = YES;
				GCC_C_LANGUAGE_STANDARD = gnu17;
				GCC_NO_COMMON_BLOCKS = YES;
				GCC_WARN_64_TO_32_BIT_CONVERSION = YES;
				GCC_WARN_ABOUT_RETURN_TYPE = YES_ERROR;
				GCC_WARN_UNDECLARED_SELECTOR = YES;
				GCC_WARN_UNINITIALIZED_AUTOS = YES_AGGRESSIVE;
				GCC_WARN_UNUSED_FUNCTION = YES;
				GCC_WARN_UNUSED_VARIABLE = YES;
				IPHONEOS_DEPLOYMENT_TARGET = 18.0;
				LOCALIZATION_PREFERS_STRING_CATALOGS = YES;
				MTL_ENABLE_DEBUG_INFO = NO;
				MTL_FAST_MATH = YES;
				SDKROOT = iphoneos;
				SWIFT_COMPILATION_MODE = wholemodule;
				VALIDATE_PRODUCT = YES;
			};
			name = Release;
		};
		0BF3B6EB2FDDCA6200DBAA17 /* Debug */ = {
			isa = XCBuildConfiguration;
			buildSettings = {
				BUNDLE_LOADER = "$(TEST_HOST)";
				CODE_SIGN_STYLE = Automatic;
				CURRENT_PROJECT_VERSION = 1;
				DEVELOPMENT_TEAM = P738AB4T7V;
				GENERATE_INFOPLIST_FILE = YES;
				IPHONEOS_DEPLOYMENT_TARGET = 18.0;
				MARKETING_VERSION = 1.0;
				PRODUCT_BUNDLE_IDENTIFIER = "arturkin.Translate-IcelandicTests";
				PRODUCT_NAME = "$(TARGET_NAME)";
				STRING_CATALOG_GENERATE_SYMBOLS = NO;
				SWIFT_APPROACHABLE_CONCURRENCY = YES;
				SWIFT_EMIT_LOC_STRINGS = NO;
				SWIFT_UPCOMING_FEATURE_MEMBER_IMPORT_VISIBILITY = YES;
				SWIFT_VERSION = 5.0;
				TARGETED_DEVICE_FAMILY = "1,2";
				TEST_HOST = "$(BUILT_PRODUCTS_DIR)/Translate Icelandic.app/$(BUNDLE_EXECUTABLE_FOLDER_PATH)/Translate Icelandic";
			};
			name = Debug;
		};
		0BF3B6EC2FDDCA6200DBAA17 /* Release */ = {
			isa = XCBuildConfiguration;
			buildSettings = {
				BUNDLE_LOADER = "$(TEST_HOST)";
				CODE_SIGN_STYLE = Automatic;
				CURRENT_PROJECT_VERSION = 1;
				DEVELOPMENT_TEAM = P738AB4T7V;
				GENERATE_INFOPLIST_FILE = YES;
				IPHONEOS_DEPLOYMENT_TARGET = 18.0;
				MARKETING_VERSION = 1.0;
				PRODUCT_BUNDLE_IDENTIFIER = "arturkin.Translate-IcelandicTests";
				PRODUCT_NAME = "$(TARGET_NAME)";
				STRING_CATALOG_GENERATE_SYMBOLS = NO;
				SWIFT_APPROACHABLE_CONCURRENCY = YES;
				SWIFT_EMIT_LOC_STRINGS = NO;
				SWIFT_UPCOMING_FEATURE_MEMBER_IMPORT_VISIBILITY = YES;
				SWIFT_VERSION = 5.0;
				TARGETED_DEVICE_FAMILY = "1,2";
				TEST_HOST = "$(BUILT_PRODUCTS_DIR)/Translate Icelandic.app/$(BUNDLE_EXECUTABLE_FOLDER_PATH)/Translate Icelandic";
			};
			name = Release;
		};
		0BF3B6EE2FDDCA6200DBAA17 /* Debug */ = {
			isa = XCBuildConfiguration;
			buildSettings = {
				CODE_SIGN_STYLE = Automatic;
				CURRENT_PROJECT_VERSION = 1;
				DEVELOPMENT_TEAM = P738AB4T7V;
				GENERATE_INFOPLIST_FILE = YES;
				MARKETING_VERSION = 1.0;
				PRODUCT_BUNDLE_IDENTIFIER = "arturkin.Translate-IcelandicUITests";
				PRODUCT_NAME = "$(TARGET_NAME)";
				STRING_CATALOG_GENERATE_SYMBOLS = NO;
				SWIFT_APPROACHABLE_CONCURRENCY = YES;
				SWIFT_EMIT_LOC_STRINGS = NO;
				SWIFT_UPCOMING_FEATURE_MEMBER_IMPORT_VISIBILITY = YES;
				SWIFT_VERSION = 5.0;
				TARGETED_DEVICE_FAMILY = "1,2";
				TEST_TARGET_NAME = "Translate Icelandic";
			};
			name = Debug;
		};
		0BF3B6EF2FDDCA6200DBAA17 /* Release */ = {
			isa = XCBuildConfiguration;
			buildSettings = {
				CODE_SIGN_STYLE = Automatic;
				CURRENT_PROJECT_VERSION = 1;
				DEVELOPMENT_TEAM = P738AB4T7V;
				GENERATE_INFOPLIST_FILE = YES;
				MARKETING_VERSION = 1.0;
				PRODUCT_BUNDLE_IDENTIFIER = "arturkin.Translate-IcelandicUITests";
				PRODUCT_NAME = "$(TARGET_NAME)";
				STRING_CATALOG_GENERATE_SYMBOLS = NO;
				SWIFT_APPROACHABLE_CONCURRENCY = YES;
				SWIFT_EMIT_LOC_STRINGS = NO;
				SWIFT_UPCOMING_FEATURE_MEMBER_IMPORT_VISIBILITY = YES;
				SWIFT_VERSION = 5.0;
				TARGETED_DEVICE_FAMILY = "1,2";
				TEST_TARGET_NAME = "Translate Icelandic";
			};
			name = Release;
		};
		AAAA000000000000000000E3 /* Debug */ = {
			isa = XCBuildConfiguration;
			baseConfigurationReference = 0BF3B6FA2FDDCA6200DBAA17 /* Config/Secrets.xcconfig */;
			buildSettings = {
				CODE_SIGN_ENTITLEMENTS = "Translate Icelandic Extension/TranslateIcelandicExtensionMac.entitlements";
				CODE_SIGN_STYLE = Automatic;
				CURRENT_PROJECT_VERSION = 1;
				DEVELOPMENT_TEAM = P738AB4T7V;
				GENERATE_INFOPLIST_FILE = YES;
				INFOPLIST_FILE = "Translate Icelandic Extension/Info.plist";
				INFOPLIST_KEY_CFBundleDisplayName = "Translate Icelandic Extension";
				INFOPLIST_KEY_NSHumanReadableCopyright = "";
				MACOSX_DEPLOYMENT_TARGET = 12.0;
				MARKETING_VERSION = 1.0;
				OTHER_LDFLAGS = (
					"-framework",
					SafariServices,
				);
				PRODUCT_BUNDLE_IDENTIFIER = "arturkin.Translate-Icelandic.mac.Extension";
				PRODUCT_NAME = "$(TARGET_NAME)";
				SDKROOT = macosx;
				SKIP_INSTALL = YES;
				SUPPORTED_PLATFORMS = macosx;
				SWIFT_EMIT_LOC_STRINGS = YES;
				SWIFT_VERSION = 5.0;
			};
			name = Debug;
		};
		AAAA000000000000000000E4 /* Release */ = {
			isa = XCBuildConfiguration;
			baseConfigurationReference = 0BF3B6FA2FDDCA6200DBAA17 /* Config/Secrets.xcconfig */;
			buildSettings = {
				CODE_SIGN_ENTITLEMENTS = "Translate Icelandic Extension/TranslateIcelandicExtensionMac.entitlements";
				CODE_SIGN_STYLE = Automatic;
				CURRENT_PROJECT_VERSION = 1;
				DEVELOPMENT_TEAM = P738AB4T7V;
				GENERATE_INFOPLIST_FILE = YES;
				INFOPLIST_FILE = "Translate Icelandic Extension/Info.plist";
				INFOPLIST_KEY_CFBundleDisplayName = "Translate Icelandic Extension";
				INFOPLIST_KEY_NSHumanReadableCopyright = "";
				MACOSX_DEPLOYMENT_TARGET = 12.0;
				MARKETING_VERSION = 1.0;
				OTHER_LDFLAGS = (
					"-framework",
					SafariServices,
				);
				PRODUCT_BUNDLE_IDENTIFIER = "arturkin.Translate-Icelandic.mac.Extension";
				PRODUCT_NAME = "$(TARGET_NAME)";
				SDKROOT = macosx;
				SKIP_INSTALL = YES;
				SUPPORTED_PLATFORMS = macosx;
				SWIFT_EMIT_LOC_STRINGS = YES;
				SWIFT_VERSION = 5.0;
			};
			name = Release;
		};
		AAAA000000000000000000F3 /* Debug */ = {
			isa = XCBuildConfiguration;
			buildSettings = {
				CODE_SIGN_ENTITLEMENTS = "Translate Icelandic macOS/TranslateIcelandicMac.entitlements";
				CODE_SIGN_STYLE = Automatic;
				COMBINE_HIDPI_IMAGES = YES;
				CURRENT_PROJECT_VERSION = 1;
				DEVELOPMENT_TEAM = P738AB4T7V;
				ENABLE_HARDENED_RUNTIME = YES;
				GENERATE_INFOPLIST_FILE = YES;
				INFOPLIST_KEY_CFBundleDisplayName = "Translate Icelandic";
				INFOPLIST_KEY_LSApplicationCategoryType = "public.app-category.productivity";
				INFOPLIST_KEY_NSHumanReadableCopyright = "";
				MACOSX_DEPLOYMENT_TARGET = 12.0;
				MARKETING_VERSION = 1.0;
				PRODUCT_BUNDLE_IDENTIFIER = "arturkin.Translate-Icelandic.mac";
				PRODUCT_NAME = "$(TARGET_NAME)";
				SDKROOT = macosx;
				SUPPORTED_PLATFORMS = macosx;
				SWIFT_EMIT_LOC_STRINGS = YES;
				SWIFT_VERSION = 5.0;
			};
			name = Debug;
		};
		AAAA000000000000000000F4 /* Release */ = {
			isa = XCBuildConfiguration;
			buildSettings = {
				CODE_SIGN_ENTITLEMENTS = "Translate Icelandic macOS/TranslateIcelandicMac.entitlements";
				CODE_SIGN_STYLE = Automatic;
				COMBINE_HIDPI_IMAGES = YES;
				CURRENT_PROJECT_VERSION = 1;
				DEVELOPMENT_TEAM = P738AB4T7V;
				ENABLE_HARDENED_RUNTIME = YES;
				GENERATE_INFOPLIST_FILE = YES;
				INFOPLIST_KEY_CFBundleDisplayName = "Translate Icelandic";
				INFOPLIST_KEY_LSApplicationCategoryType = "public.app-category.productivity";
				INFOPLIST_KEY_NSHumanReadableCopyright = "";
				MACOSX_DEPLOYMENT_TARGET = 12.0;
				MARKETING_VERSION = 1.0;
				PRODUCT_BUNDLE_IDENTIFIER = "arturkin.Translate-Icelandic.mac";
				PRODUCT_NAME = "$(TARGET_NAME)";
				SDKROOT = macosx;
				SUPPORTED_PLATFORMS = macosx;
				SWIFT_EMIT_LOC_STRINGS = YES;
				SWIFT_VERSION = 5.0;
			};
			name = Release;
		};
/* End XCBuildConfiguration section */

/* Begin XCConfigurationList section */
		0BF3B68D2FDDCA6000DBAA17 /* Build configuration list for PBXProject "Translate Icelandic" */ = {
			isa = XCConfigurationList;
			buildConfigurations = (
				0BF3B6E82FDDCA6200DBAA17 /* Debug */,
				0BF3B6E92FDDCA6200DBAA17 /* Release */,
			);
			defaultConfigurationIsVisible = 0;
			defaultConfigurationName = Release;
		};
		0BF3B6E02FDDCA6200DBAA17 /* Build configuration list for PBXNativeTarget "Translate Icelandic Extension" */ = {
			isa = XCConfigurationList;
			buildConfigurations = (
				0BF3B6E12FDDCA6200DBAA17 /* Debug */,
				0BF3B6E22FDDCA6200DBAA17 /* Release */,
			);
			defaultConfigurationIsVisible = 0;
			defaultConfigurationName = Release;
		};
		0BF3B6E52FDDCA6200DBAA17 /* Build configuration list for PBXNativeTarget "Translate Icelandic" */ = {
			isa = XCConfigurationList;
			buildConfigurations = (
				0BF3B6E62FDDCA6200DBAA17 /* Debug */,
				0BF3B6E72FDDCA6200DBAA17 /* Release */,
			);
			defaultConfigurationIsVisible = 0;
			defaultConfigurationName = Release;
		};
		0BF3B6EA2FDDCA6200DBAA17 /* Build configuration list for PBXNativeTarget "Translate IcelandicTests" */ = {
			isa = XCConfigurationList;
			buildConfigurations = (
				0BF3B6EB2FDDCA6200DBAA17 /* Debug */,
				0BF3B6EC2FDDCA6200DBAA17 /* Release */,
			);
			defaultConfigurationIsVisible = 0;
			defaultConfigurationName = Release;
		};
		0BF3B6ED2FDDCA6200DBAA17 /* Build configuration list for PBXNativeTarget "Translate IcelandicUITests" */ = {
			isa = XCConfigurationList;
			buildConfigurations = (
				0BF3B6EE2FDDCA6200DBAA17 /* Debug */,
				0BF3B6EF2FDDCA6200DBAA17 /* Release */,
			);
			defaultConfigurationIsVisible = 0;
			defaultConfigurationName = Release;
		};
		AAAA000000000000000000E2 /* Build configuration list for PBXNativeTarget "Translate Icelandic Extension (macOS)" */ = {
			isa = XCConfigurationList;
			buildConfigurations = (
				AAAA000000000000000000E3 /* Debug */,
				AAAA000000000000000000E4 /* Release */,
			);
			defaultConfigurationIsVisible = 0;
			defaultConfigurationName = Release;
		};
		AAAA000000000000000000F2 /* Build configuration list for PBXNativeTarget "Translate Icelandic (macOS)" */ = {
			isa = XCConfigurationList;
			buildConfigurations = (
				AAAA000000000000000000F3 /* Debug */,
				AAAA000000000000000000F4 /* Release */,
			);
			defaultConfigurationIsVisible = 0;
			defaultConfigurationName = Release;
		};
/* End XCConfigurationList section */
	};
	rootObject = 0BF3B68A2FDDCA6000DBAA17 /* Project object */;
}
